
Microsoft Visual Studio Solution File, Format Version 12.00
# Visual Studio Version 17
VisualStudioVersion = 17.0.31903.59
MinimumVisualStudioVersion = 10.0.40219.1
Project("{9A19103F-16F7-4668-BE54-9A1E7A4F7556}") = "DirectEx.Publisher", "DirectEx.Publisher\DirectEx.Publisher.csproj", "{01A8E710-5456-4559-8197-D149205B3B10}"
EndProject
Project("{2150E333-8FDC-42A3-9474-1A3956D46DE8}") = "Direct", "Direct", "{3022CEC7-4590-439A-8ACD-BCB2B6441C9B}"
EndProject
Project("{2150E333-8FDC-42A3-9474-1A3956D46DE8}") = "Fanout", "Fanout", "{A7B0E60A-4E0D-413E-8CBB-5608296CD25F}"
EndProject
Project("{9A19103F-16F7-4668-BE54-9A1E7A4F7556}") = "FanoutEx.Publisher", "FanoutEx.Publisher\FanoutEx.Publisher.csproj", "{0D92A7E9-A99E-4C55-9A81-54C811851060}"
EndProject
Project("{9A19103F-16F7-4668-BE54-9A1E7A4F7556}") = "FanoutEx.Subscriber", "FanoutEx.Subscriber\FanoutEx.Subscriber.csproj", "{4AE82C67-A90E-48A4-9726-A2C4576A98BD}"
EndProject
Project("{9A19103F-16F7-4668-BE54-9A1E7A4F7556}") = "DirectEx.Subscriber", "DirectEx.Subscriber\DirectEx.Subscriber.csproj", "{12B446E6-856C-4E4F-9E30-B7FBD2E85B49}"
EndProject
Project("{2150E333-8FDC-42A3-9474-1A3956D46DE8}") = "Topic", "Topic", "{72AE59D5-16F4-4F5B-82BB-2EBFE8AC108E}"
EndProject
Project("{9A19103F-16F7-4668-BE54-9A1E7A4F7556}") = "TopicEx.Publisher", "TopicEx.Publisher\TopicEx.Publisher.csproj", "{148865B4-FBD3-4906-B545-78F04A42E00D}"
EndProject
Project("{9A19103F-16F7-4668-BE54-9A1E7A4F7556}") = "TopicEx.Subscriber", "TopicEx.Subscriber\TopicEx.Subscriber.csproj", "{59E3A754-F800-4A65-91CB-40044E97F46A}"
EndProject
Project("{2150E333-8FDC-42A3-9474-1A3956D46DE8}") = "Headers", "Headers", "{7F908DDC-D8B8-4CF0-87EC-552D72D972CF}"
EndProject
Project("{9A19103F-16F7-4668-BE54-9A1E7A4F7556}") = "HeadersEx.Publisher", "HeadersEx.Publisher\HeadersEx.Publisher.csproj", "{12DA7787-2B7A-49D7-8228-2745C47AE5A7}"
EndProject
Project("{9A19103F-16F7-4668-BE54-9A1E7A4F7556}") = "HeadersEx.Subscriber", "HeadersEx.Subsrcriber\HeadersEx.Subscriber.csproj", "{0E5EADB1-275C-4D1E-BA79-9CE03A001A65}"
EndProject
Project("{2150E333-8FDC-42A3-9474-1A3956D46DE8}") = "Worker", "Worker", "{EBC693D7-397E-422F-B8F5-EEBBAFFAED2E}"
EndProject
Project("{FAE04EC0-301F-11D3-BF4B-00C04F79EFBC}") = "DirectEx.WorkerSubscriber", "DirectEx.WorkerSubscriber\DirectEx.WorkerSubscriber.csproj", "{C1C14AEA-6F22-4ABA-87FC-2DB88B289D00}"
EndProject
Global
	GlobalSection(SolutionConfigurationPlatforms) = preSolution
		Debug|Any CPU = Debug|Any CPU
		Release|Any CPU = Release|Any CPU
	EndGlobalSection
	GlobalSection(ProjectConfigurationPlatforms) = postSolution
		{01A8E710-5456-4559-8197-D149205B3B10}.Debug|Any CPU.ActiveCfg = Debug|Any CPU
		{01A8E710-5456-4559-8197-D149205B3B10}.Debug|Any CPU.Build.0 = Debug|Any CPU
		{01A8E710-5456-4559-8197-D149205B3B10}.Release|Any CPU.ActiveCfg = Release|Any CPU
		{01A8E710-5456-4559-8197-D149205B3B10}.Release|Any CPU.Build.0 = Release|Any CPU
		{0D92A7E9-A99E-4C55-9A81-54C811851060}.Debug|Any CPU.ActiveCfg = Debug|Any CPU
		{0D92A7E9-A99E-4C55-9A81-54C811851060}.Debug|Any CPU.Build.0 = Debug|Any CPU
		{0D92A7E9-A99E-4C55-9A81-54C811851060}.Release|Any CPU.ActiveCfg = Release|Any CPU
		{0D92A7E9-A99E-4C55-9A81-54C811851060}.Release|Any CPU.Build.0 = Release|Any CPU
		{4AE82C67-A90E-48A4-9726-A2C4576A98BD}.Debug|Any CPU.ActiveCfg = Debug|Any CPU
		{4AE82C67-A90E-48A4-9726-A2C4576A98BD}.Debug|Any CPU.Build.0 = Debug|Any CPU
		{4AE82C67-A90E-48A4-9726-A2C4576A98BD}.Release|Any CPU.ActiveCfg = Release|Any CPU
		{4AE82C67-A90E-48A4-9726-A2C4576A98BD}.Release|Any CPU.Build.0 = Release|Any CPU
		{12B446E6-856C-4E4F-9E30-B7FBD2E85B49}.Debug|Any CPU.ActiveCfg = Debug|Any CPU
		{12B446E6-856C-4E4F-9E30-B7FBD2E85B49}.Debug|Any CPU.Build.0 = Debug|Any CPU
		{12B446E6-856C-4E4F-9E30-B7FBD2E85B49}.Release|Any CPU.ActiveCfg = Release|Any CPU
		{12B446E6-856C-4E4F-9E30-B7FBD2E85B49}.Release|Any CPU.Build.0 = Release|Any CPU
		{148865B4-FBD3-4906-B545-78F04A42E00D}.Debug|Any CPU.ActiveCfg = Debug|Any CPU
		{148865B4-FBD3-4906-B545-78F04A42E00D}.Debug|Any CPU.Build.0 = Debug|Any CPU
		{148865B4-FBD3-4906-B545-78F04A42E00D}.Release|Any CPU.ActiveCfg = Release|Any CPU
		{148865B4-FBD3-4906-B545-78F04A42E00D}.Release|Any CPU.Build.0 = Release|Any CPU
		{59E3A754-F800-4A65-91CB-40044E97F46A}.Debug|Any CPU.ActiveCfg = Debug|Any CPU
		{59E3A754-F800-4A65-91CB-40044E97F46A}.Debug|Any CPU.Build.0 = Debug|Any CPU
		{59E3A754-F800-4A65-91CB-40044E97F46A}.Release|Any CPU.ActiveCfg = Release|Any CPU
		{59E3A754-F800-4A65-91CB-40044E97F46A}.Release|Any CPU.Build.0 = Release|Any CPU
		{12DA7787-2B7A-49D7-8228-2745C47AE5A7}.Debug|Any CPU.ActiveCfg = Debug|Any CPU
		{12DA7787-2B7A-49D7-8228-2745C47AE5A7}.Debug|Any CPU.Build.0 = Debug|Any CPU
		{12DA7787-2B7A-49D7-8228-2745C47AE5A7}.Release|Any CPU.ActiveCfg = Release|Any CPU
		{12DA7787-2B7A-49D7-8228-2745C47AE5A7}.Release|Any CPU.Build.0 = Release|Any CPU
		{0E5EADB1-275C-4D1E-BA79-9CE03A001A65}.Debug|Any CPU.ActiveCfg = Debug|Any CPU
		{0E5EADB1-275C-4D1E-BA79-9CE03A001A65}.Debug|Any CPU.Build.0 = Debug|Any CPU
		{0E5EADB1-275C-4D1E-BA79-9CE03A001A65}.Release|Any CPU.ActiveCfg = Release|Any CPU
		{0E5EADB1-275C-4D1E-BA79-9CE03A001A65}.Release|Any CPU.Build.0 = Release|Any CPU
		{C1C14AEA-6F22-4ABA-87FC-2DB88B289D00}.Debug|Any CPU.ActiveCfg = Debug|Any CPU
		{C1C14AEA-6F22-4ABA-87FC-2DB88B289D00}.Debug|Any CPU.Build.0 = Debug|Any CPU
		{C1C14AEA-6F22-4ABA-87FC-2DB88B289D00}.Release|Any CPU.ActiveCfg = Release|Any CPU
		{C1C14AEA-6F22-4ABA-87FC-2DB88B289D00}.Release|Any CPU.Build.0 = Release|Any CPU
	EndGlobalSection
	GlobalSection(SolutionProperties) = preSolution
		HideSolutionNode = FALSE
	EndGlobalSection
	GlobalSection(NestedProjects) = preSolution
		{01A8E710-5456-4559-8197-D149205B3B10} = {3022CEC7-4590-439A-8ACD-BCB2B6441C9B}
		{0D92A7E9-A99E-4C55-9A81-54C811851060} = {A7B0E60A-4E0D-413E-8CBB-5608296CD25F}
		{4AE82C67-A90E-48A4-9726-A2C4576A98BD} = {A7B0E60A-4E0D-413E-8CBB-5608296CD25F}
		{12B446E6-856C-4E4F-9E30-B7FBD2E85B49} = {3022CEC7-4590-439A-8ACD-BCB2B6441C9B}
		{148865B4-FBD3-4906-B545-78F04A42E00D} = {72AE59D5-16F4-4F5B-82BB-2EBFE8AC108E}
		{59E3A754-F800-4A65-91CB-40044E97F46A} = {72AE59D5-16F4-4F5B-82BB-2EBFE8AC108E}
		{12DA7787-2B7A-49D7-8228-2745C47AE5A7} = {7F908DDC-D8B8-4CF0-87EC-552D72D972CF}
		{0E5EADB1-275C-4D1E-BA79-9CE03A001A65} = {7F908DDC-D8B8-4CF0-87EC-552D72D972CF}
		{C1C14AEA-6F22-4ABA-87FC-2DB88B289D00} = {EBC693D7-397E-422F-B8F5-EEBBAFFAED2E}
	EndGlobalSection
	GlobalSection(ExtensibilityGlobals) = postSolution
		SolutionGuid = {C115F722-8D5A-4771-8F25-9C02D4EA0CEC}
	EndGlobalSection
EndGlobal
